
Microsoft Visual Studio Solution File, Format Version 12.00
# Visual Studio Version 16
VisualStudioVersion = 16.0.30804.86
MinimumVisualStudioVersion = 10.0.40219.1
Project("{FAE04EC0-301F-11D3-BF4B-00C04F79EFBC}") = "ArrayOfMultiples", "ArrayOfMultiples\ArrayOfMultiples.csproj", "{7794169C-CDC6-44B9-A499-FD273F052A79}"
EndProject
Global
	GlobalSection(SolutionConfigurationPlatforms) = preSolution
		Debug|Any CPU = Debug|Any CPU
		Release|Any CPU = Release|Any CPU
	EndGlobalSection
	GlobalSection(ProjectConfigurationPlatforms) = postSolution
		{7794169C-CDC6-44B9-A499-FD273F052A79}.Debug|Any CPU.ActiveCfg = Debug|Any CPU
		{7794169C-CDC6-44B9-A499-FD273F052A79}.Debug|Any CPU.Build.0 = Debug|Any CPU
		{7794169C-CDC6-44B9-A499-FD273F052A79}.Release|Any CPU.ActiveCfg = Release|Any CPU
		{7794169C-CDC6-44B9-A499-FD273F052A79}.Release|Any CPU.Build.0 = Release|Any CPU
	EndGlobalSection
	GlobalSection(SolutionProperties) = preSolution
		HideSolutionNode = FALSE
	EndGlobalSection
	GlobalSection(ExtensibilityGlobals) = postSolution
		SolutionGuid = {D5576B3D-1C1E-4C75-A9CF-EDFC4A924A07}
	EndGlobalSection
EndGlobal
